
Microsoft Visual Studio Solution File, Format Version 12.00
# Visual Studio Version 17
VisualStudioVersion = 17.0.31903.59
MinimumVisualStudioVersion = 10.0.40219.1
Project("{2150E333-8FDC-42A3-9474-1A3956D46DE8}") = "src", "src", "{827E0CD3-B72D-47B6-A68D-7590B98EB39B}"
EndProject
Project("{FAE04EC0-301F-11D3-BF4B-00C04F79EFBC}") = "Valid.OS.Domain", "src\Valid.OS.Domain\Valid.OS.Domain.csproj", "{BFBC4DA6-FC7F-4459-9AE5-181BBC04A809}"
EndProject
Project("{FAE04EC0-301F-11D3-BF4B-00C04F79EFBC}") = "Valid.OS.Application", "src\Valid.OS.Application\Valid.OS.Application.csproj", "{3ED82348-D798-4697-BC48-8DCF479BC1C2}"
EndProject
Project("{FAE04EC0-301F-11D3-BF4B-00C04F79EFBC}") = "Valid.OS.Infrastructure", "src\Valid.OS.Infrastructure\Valid.OS.Infrastructure.csproj", "{E3FE0740-D957-41A5-8B66-C5B138BFA5A8}"
EndProject
Project("{FAE04EC0-301F-11D3-BF4B-00C04F79EFBC}") = "Valid.OS.API", "src\Valid.OS.API\Valid.OS.API.csproj", "{06127E03-34BA-4BF6-9F10-1EAB78B21AFB}"
EndProject
Project("{FAE04EC0-301F-11D3-BF4B-00C04F79EFBC}") = "Valid.OS.Contracts", "src\Valid.OS.Contracts\Valid.OS.Contracts.csproj", "{2F0849AF-3F79-40F6-AD35-AF26BA210B1E}"
EndProject
Project("{FAE04EC0-301F-11D3-BF4B-00C04F79EFBC}") = "Valid.OS.Worker", "src\Valid.OS.Worker\Valid.OS.Worker.csproj", "{93D32636-C467-46ED-994C-7489DA271966}"
EndProject
Project("{2150E333-8FDC-42A3-9474-1A3956D46DE8}") = "tests", "tests", "{0AB3BF05-4346-4AA6-1389-037BE0695223}"
EndProject
Project("{FAE04EC0-301F-11D3-BF4B-00C04F79EFBC}") = "Valid.OS.Domain.Tests", "tests\Valid.OS.Domain.Tests\Valid.OS.Domain.Tests.csproj", "{B41C3E5D-0DC5-4D09-B544-1FBA3E1B09B2}"
EndProject
Project("{FAE04EC0-301F-11D3-BF4B-00C04F79EFBC}") = "Valid.OS.Application.Tests", "tests\Valid.OS.Application.Tests\Valid.OS.Application.Tests.csproj", "{C584A4D5-24F4-43BC-A142-5F61BF6501AB}"
EndProject
Project("{FAE04EC0-301F-11D3-BF4B-00C04F79EFBC}") = "Valid.OS.API.IntegrationTests", "tests\Valid.OS.API.IntegrationTests\Valid.OS.API.IntegrationTests.csproj", "{7FF47D3E-80E6-4244-B994-B47F5F3DB0EE}"
EndProject
Global
	GlobalSection(SolutionConfigurationPlatforms) = preSolution
		Debug|Any CPU = Debug|Any CPU
		Debug|x64 = Debug|x64
		Debug|x86 = Debug|x86
		Release|Any CPU = Release|Any CPU
		Release|x64 = Release|x64
		Release|x86 = Release|x86
	EndGlobalSection
	GlobalSection(ProjectConfigurationPlatforms) = postSolution
		{BFBC4DA6-FC7F-4459-9AE5-181BBC04A809}.Debug|Any CPU.ActiveCfg = Debug|Any CPU
		{BFBC4DA6-FC7F-4459-9AE5-181BBC04A809}.Debug|Any CPU.Build.0 = Debug|Any CPU
		{BFBC4DA6-FC7F-4459-9AE5-181BBC04A809}.Debug|x64.ActiveCfg = Debug|Any CPU
		{BFBC4DA6-FC7F-4459-9AE5-181BBC04A809}.Debug|x64.Build.0 = Debug|Any CPU
		{BFBC4DA6-FC7F-4459-9AE5-181BBC04A809}.Debug|x86.ActiveCfg = Debug|Any CPU
		{BFBC4DA6-FC7F-4459-9AE5-181BBC04A809}.Debug|x86.Build.0 = Debug|Any CPU
		{BFBC4DA6-FC7F-4459-9AE5-181BBC04A809}.Release|Any CPU.ActiveCfg = Release|Any CPU
		{BFBC4DA6-FC7F-4459-9AE5-181BBC04A809}.Release|Any CPU.Build.0 = Release|Any CPU
		{BFBC4DA6-FC7F-4459-9AE5-181BBC04A809}.Release|x64.ActiveCfg = Release|Any CPU
		{BFBC4DA6-FC7F-4459-9AE5-181BBC04A809}.Release|x64.Build.0 = Release|Any CPU
		{BFBC4DA6-FC7F-4459-9AE5-181BBC04A809}.Release|x86.ActiveCfg = Release|Any CPU
		{BFBC4DA6-FC7F-4459-9AE5-181BBC04A809}.Release|x86.Build.0 = Release|Any CPU
		{3ED82348-D798-4697-BC48-8DCF479BC1C2}.Debug|Any CPU.ActiveCfg = Debug|Any CPU
		{3ED82348-D798-4697-BC48-8DCF479BC1C2}.Debug|Any CPU.Build.0 = Debug|Any CPU
		{3ED82348-D798-4697-BC48-8DCF479BC1C2}.Debug|x64.ActiveCfg = Debug|Any CPU
		{3ED82348-D798-4697-BC48-8DCF479BC1C2}.Debug|x64.Build.0 = Debug|Any CPU
		{3ED82348-D798-4697-BC48-8DCF479BC1C2}.Debug|x86.ActiveCfg = Debug|Any CPU
		{3ED82348-D798-4697-BC48-8DCF479BC1C2}.Debug|x86.Build.0 = Debug|Any CPU
		{3ED82348-D798-4697-BC48-8DCF479BC1C2}.Release|Any CPU.ActiveCfg = Release|Any CPU
		{3ED82348-D798-4697-BC48-8DCF479BC1C2}.Release|Any CPU.Build.0 = Release|Any CPU
		{3ED82348-D798-4697-BC48-8DCF479BC1C2}.Release|x64.ActiveCfg = Release|Any CPU
		{3ED82348-D798-4697-BC48-8DCF479BC1C2}.Release|x64.Build.0 = Release|Any CPU
		{3ED82348-D798-4697-BC48-8DCF479BC1C2}.Release|x86.ActiveCfg = Release|Any CPU
		{3ED82348-D798-4697-BC48-8DCF479BC1C2}.Release|x86.Build.0 = Release|Any CPU
		{E3FE0740-D957-41A5-8B66-C5B138BFA5A8}.Debug|Any CPU.ActiveCfg = Debug|Any CPU
		{E3FE0740-D957-41A5-8B66-C5B138BFA5A8}.Debug|Any CPU.Build.0 = Debug|Any CPU
		{E3FE0740-D957-41A5-8B66-C5B138BFA5A8}.Debug|x64.ActiveCfg = Debug|Any CPU
		{E3FE0740-D957-41A5-8B66-C5B138BFA5A8}.Debug|x64.Build.0 = Debug|Any CPU
		{E3FE0740-D957-41A5-8B66-C5B138BFA5A8}.Debug|x86.ActiveCfg = Debug|Any CPU
		{E3FE0740-D957-41A5-8B66-C5B138BFA5A8}.Debug|x86.Build.0 = Debug|Any CPU
		{E3FE0740-D957-41A5-8B66-C5B138BFA5A8}.Release|Any CPU.ActiveCfg = Release|Any CPU
		{E3FE0740-D957-41A5-8B66-C5B138BFA5A8}.Release|Any CPU.Build.0 = Release|Any CPU
		{E3FE0740-D957-41A5-8B66-C5B138BFA5A8}.Release|x64.ActiveCfg = Release|Any CPU
		{E3FE0740-D957-41A5-8B66-C5B138BFA5A8}.Release|x64.Build.0 = Release|Any CPU
		{E3FE0740-D957-41A5-8B66-C5B138BFA5A8}.Release|x86.ActiveCfg = Release|Any CPU
		{E3FE0740-D957-41A5-8B66-C5B138BFA5A8}.Release|x86.Build.0 = Release|Any CPU
		{06127E03-34BA-4BF6-9F10-1EAB78B21AFB}.Debug|Any CPU.ActiveCfg = Debug|Any CPU
		{06127E03-34BA-4BF6-9F10-1EAB78B21AFB}.Debug|Any CPU.Build.0 = Debug|Any CPU
		{06127E03-34BA-4BF6-9F10-1EAB78B21AFB}.Debug|x64.ActiveCfg = Debug|Any CPU
		{06127E03-34BA-4BF6-9F10-1EAB78B21AFB}.Debug|x64.Build.0 = Debug|Any CPU
		{06127E03-34BA-4BF6-9F10-1EAB78B21AFB}.Debug|x86.ActiveCfg = Debug|Any CPU
		{06127E03-34BA-4BF6-9F10-1EAB78B21AFB}.Debug|x86.Build.0 = Debug|Any CPU
		{06127E03-34BA-4BF6-9F10-1EAB78B21AFB}.Release|Any CPU.ActiveCfg = Release|Any CPU
		{06127E03-34BA-4BF6-9F10-1EAB78B21AFB}.Release|Any CPU.Build.0 = Release|Any CPU
		{06127E03-34BA-4BF6-9F10-1EAB78B21AFB}.Release|x64.ActiveCfg = Release|Any CPU
		{06127E03-34BA-4BF6-9F10-1EAB78B21AFB}.Release|x64.Build.0 = Release|Any CPU
		{06127E03-34BA-4BF6-9F10-1EAB78B21AFB}.Release|x86.ActiveCfg = Release|Any CPU
		{06127E03-34BA-4BF6-9F10-1EAB78B21AFB}.Release|x86.Build.0 = Release|Any CPU
		{2F0849AF-3F79-40F6-AD35-AF26BA210B1E}.Debug|Any CPU.ActiveCfg = Debug|Any CPU
		{2F0849AF-3F79-40F6-AD35-AF26BA210B1E}.Debug|Any CPU.Build.0 = Debug|Any CPU
		{2F0849AF-3F79-40F6-AD35-AF26BA210B1E}.Debug|x64.ActiveCfg = Debug|Any CPU
		{2F0849AF-3F79-40F6-AD35-AF26BA210B1E}.Debug|x64.Build.0 = Debug|Any CPU
		{2F0849AF-3F79-40F6-AD35-AF26BA210B1E}.Debug|x86.ActiveCfg = Debug|Any CPU
		{2F0849AF-3F79-40F6-AD35-AF26BA210B1E}.Debug|x86.Build.0 = Debug|Any CPU
		{2F0849AF-3F79-40F6-AD35-AF26BA210B1E}.Release|Any CPU.ActiveCfg = Release|Any CPU
		{2F0849AF-3F79-40F6-AD35-AF26BA210B1E}.Release|Any CPU.Build.0 = Release|Any CPU
		{2F0849AF-3F79-40F6-AD35-AF26BA210B1E}.Release|x64.ActiveCfg = Release|Any CPU
		{2F0849AF-3F79-40F6-AD35-AF26BA210B1E}.Release|x64.Build.0 = Release|Any CPU
		{2F0849AF-3F79-40F6-AD35-AF26BA210B1E}.Release|x86.ActiveCfg = Release|Any CPU
		{2F0849AF-3F79-40F6-AD35-AF26BA210B1E}.Release|x86.Build.0 = Release|Any CPU
		{93D32636-C467-46ED-994C-7489DA271966}.Debug|Any CPU.ActiveCfg = Debug|Any CPU
		{93D32636-C467-46ED-994C-7489DA271966}.Debug|Any CPU.Build.0 = Debug|Any CPU
		{93D32636-C467-46ED-994C-7489DA271966}.Debug|x64.ActiveCfg = Debug|Any CPU
		{93D32636-C467-46ED-994C-7489DA271966}.Debug|x64.Build.0 = Debug|Any CPU
		{93D32636-C467-46ED-994C-7489DA271966}.Debug|x86.ActiveCfg = Debug|Any CPU
		{93D32636-C467-46ED-994C-7489DA271966}.Debug|x86.Build.0 = Debug|Any CPU
		{93D32636-C467-46ED-994C-7489DA271966}.Release|Any CPU.ActiveCfg = Release|Any CPU
		{93D32636-C467-46ED-994C-7489DA271966}.Release|Any CPU.Build.0 = Release|Any CPU
		{93D32636-C467-46ED-994C-7489DA271966}.Release|x64.ActiveCfg = Release|Any CPU
		{93D32636-C467-46ED-994C-7489DA271966}.Release|x64.Build.0 = Release|Any CPU
		{93D32636-C467-46ED-994C-7489DA271966}.Release|x86.ActiveCfg = Release|Any CPU
		{93D32636-C467-46ED-994C-7489DA271966}.Release|x86.Build.0 = Release|Any CPU
		{B41C3E5D-0DC5-4D09-B544-1FBA3E1B09B2}.Debug|Any CPU.ActiveCfg = Debug|Any CPU
		{B41C3E5D-0DC5-4D09-B544-1FBA3E1B09B2}.Debug|Any CPU.Build.0 = Debug|Any CPU
		{B41C3E5D-0DC5-4D09-B544-1FBA3E1B09B2}.Debug|x64.ActiveCfg = Debug|Any CPU
		{B41C3E5D-0DC5-4D09-B544-1FBA3E1B09B2}.Debug|x64.Build.0 = Debug|Any CPU
		{B41C3E5D-0DC5-4D09-B544-1FBA3E1B09B2}.Debug|x86.ActiveCfg = Debug|Any CPU
		{B41C3E5D-0DC5-4D09-B544-1FBA3E1B09B2}.Debug|x86.Build.0 = Debug|Any CPU
		{B41C3E5D-0DC5-4D09-B544-1FBA3E1B09B2}.Release|Any CPU.ActiveCfg = Release|Any CPU
		{B41C3E5D-0DC5-4D09-B544-1FBA3E1B09B2}.Release|Any CPU.Build.0 = Release|Any CPU
		{B41C3E5D-0DC5-4D09-B544-1FBA3E1B09B2}.Release|x64.ActiveCfg = Release|Any CPU
		{B41C3E5D-0DC5-4D09-B544-1FBA3E1B09B2}.Release|x64.Build.0 = Release|Any CPU
		{B41C3E5D-0DC5-4D09-B544-1FBA3E1B09B2}.Release|x86.ActiveCfg = Release|Any CPU
		{B41C3E5D-0DC5-4D09-B544-1FBA3E1B09B2}.Release|x86.Build.0 = Release|Any CPU
		{C584A4D5-24F4-43BC-A142-5F61BF6501AB}.Debug|Any CPU.ActiveCfg = Debug|Any CPU
		{C584A4D5-24F4-43BC-A142-5F61BF6501AB}.Debug|Any CPU.Build.0 = Debug|Any CPU
		{C584A4D5-24F4-43BC-A142-5F61BF6501AB}.Debug|x64.ActiveCfg = Debug|Any CPU
		{C584A4D5-24F4-43BC-A142-5F61BF6501AB}.Debug|x64.Build.0 = Debug|Any CPU
		{C584A4D5-24F4-43BC-A142-5F61BF6501AB}.Debug|x86.ActiveCfg = Debug|Any CPU
		{C584A4D5-24F4-43BC-A142-5F61BF6501AB}.Debug|x86.Build.0 = Debug|Any CPU
		{C584A4D5-24F4-43BC-A142-5F61BF6501AB}.Release|Any CPU.ActiveCfg = Release|Any CPU
		{C584A4D5-24F4-43BC-A142-5F61BF6501AB}.Release|Any CPU.Build.0 = Release|Any CPU
		{C584A4D5-24F4-43BC-A142-5F61BF6501AB}.Release|x64.ActiveCfg = Release|Any CPU
		{C584A4D5-24F4-43BC-A142-5F61BF6501AB}.Release|x64.Build.0 = Release|Any CPU
		{C584A4D5-24F4-43BC-A142-5F61BF6501AB}.Release|x86.ActiveCfg = Release|Any CPU
		{C584A4D5-24F4-43BC-A142-5F61BF6501AB}.Release|x86.Build.0 = Release|Any CPU
		{7FF47D3E-80E6-4244-B994-B47F5F3DB0EE}.Debug|Any CPU.ActiveCfg = Debug|Any CPU
		{7FF47D3E-80E6-4244-B994-B47F5F3DB0EE}.Debug|Any CPU.Build.0 = Debug|Any CPU
		{7FF47D3E-80E6-4244-B994-B47F5F3DB0EE}.Debug|x64.ActiveCfg = Debug|Any CPU
		{7FF47D3E-80E6-4244-B994-B47F5F3DB0EE}.Debug|x64.Build.0 = Debug|Any CPU
		{7FF47D3E-80E6-4244-B994-B47F5F3DB0EE}.Debug|x86.ActiveCfg = Debug|Any CPU
		{7FF47D3E-80E6-4244-B994-B47F5F3DB0EE}.Debug|x86.Build.0 = Debug|Any CPU
		{7FF47D3E-80E6-4244-B994-B47F5F3DB0EE}.Release|Any CPU.ActiveCfg = Release|Any CPU
		{7FF47D3E-80E6-4244-B994-B47F5F3DB0EE}.Release|Any CPU.Build.0 = Release|Any CPU
		{7FF47D3E-80E6-4244-B994-B47F5F3DB0EE}.Release|x64.ActiveCfg = Release|Any CPU
		{7FF47D3E-80E6-4244-B994-B47F5F3DB0EE}.Release|x64.Build.0 = Release|Any CPU
		{7FF47D3E-80E6-4244-B994-B47F5F3DB0EE}.Release|x86.ActiveCfg = Release|Any CPU
		{7FF47D3E-80E6-4244-B994-B47F5F3DB0EE}.Release|x86.Build.0 = Release|Any CPU
	EndGlobalSection
	GlobalSection(SolutionProperties) = preSolution
		HideSolutionNode = FALSE
	EndGlobalSection
	GlobalSection(NestedProjects) = preSolution
		{BFBC4DA6-FC7F-4459-9AE5-181BBC04A809} = {827E0CD3-B72D-47B6-A68D-7590B98EB39B}
		{3ED82348-D798-4697-BC48-8DCF479BC1C2} = {827E0CD3-B72D-47B6-A68D-7590B98EB39B}
		{E3FE0740-D957-41A5-8B66-C5B138BFA5A8} = {827E0CD3-B72D-47B6-A68D-7590B98EB39B}
		{06127E03-34BA-4BF6-9F10-1EAB78B21AFB} = {827E0CD3-B72D-47B6-A68D-7590B98EB39B}
		{2F0849AF-3F79-40F6-AD35-AF26BA210B1E} = {827E0CD3-B72D-47B6-A68D-7590B98EB39B}
		{93D32636-C467-46ED-994C-7489DA271966} = {827E0CD3-B72D-47B6-A68D-7590B98EB39B}
		{B41C3E5D-0DC5-4D09-B544-1FBA3E1B09B2} = {0AB3BF05-4346-4AA6-1389-037BE0695223}
		{C584A4D5-24F4-43BC-A142-5F61BF6501AB} = {0AB3BF05-4346-4AA6-1389-037BE0695223}
		{7FF47D3E-80E6-4244-B994-B47F5F3DB0EE} = {0AB3BF05-4346-4AA6-1389-037BE0695223}
	EndGlobalSection
EndGlobal
